
Microsoft Visual Studio Solution File, Format Version 12.00
# Visual Studio Version 16
VisualStudioVersion = 16.0.32228.343
MinimumVisualStudioVersion = 10.0.40219.1
Project("{FAE04EC0-301F-11D3-BF4B-00C04F79EFBC}") = "MiCalculadora", "MiCalculadora\MiCalculadora.csproj", "{A0B212C1-C161-4B56-A570-F17A238EBA6A}"
EndProject
Project("{FAE04EC0-301F-11D3-BF4B-00C04F79EFBC}") = "Entidades", "Entidades\Entidades.csproj", "{0BEF43B8-AD56-494B-8C9A-94019852347E}"
EndProject
Global
	GlobalSection(SolutionConfigurationPlatforms) = preSolution
		Debug|Any CPU = Debug|Any CPU
		Release|Any CPU = Release|Any CPU
	EndGlobalSection
	GlobalSection(ProjectConfigurationPlatforms) = postSolution
		{A0B212C1-C161-4B56-A570-F17A238EBA6A}.Debug|Any CPU.ActiveCfg = Debug|Any CPU
		{A0B212C1-C161-4B56-A570-F17A238EBA6A}.Debug|Any CPU.Build.0 = Debug|Any CPU
		{A0B212C1-C161-4B56-A570-F17A238EBA6A}.Release|Any CPU.ActiveCfg = Release|Any CPU
		{A0B212C1-C161-4B56-A570-F17A238EBA6A}.Release|Any CPU.Build.0 = Release|Any CPU
		{0BEF43B8-AD56-494B-8C9A-94019852347E}.Debug|Any CPU.ActiveCfg = Debug|Any CPU
		{0BEF43B8-AD56-494B-8C9A-94019852347E}.Debug|Any CPU.Build.0 = Debug|Any CPU
		{0BEF43B8-AD56-494B-8C9A-94019852347E}.Release|Any CPU.ActiveCfg = Release|Any CPU
		{0BEF43B8-AD56-494B-8C9A-94019852347E}.Release|Any CPU.Build.0 = Release|Any CPU
	EndGlobalSection
	GlobalSection(SolutionProperties) = preSolution
		HideSolutionNode = FALSE
	EndGlobalSection
	GlobalSection(ExtensibilityGlobals) = postSolution
		SolutionGuid = {013BE932-B175-4547-B3CE-A7FBB55BF40E}
	EndGlobalSection
EndGlobal
