
Microsoft Visual Studio Solution File, Format Version 12.00
# Visual Studio Version 16
VisualStudioVersion = 16.0.32228.343
MinimumVisualStudioVersion = 10.0.40219.1
Project("{9A19103F-16F7-4668-BE54-9A1E7A4F7556}") = "Entidades_BookCloud", "Entidades_ServiceStreaming\Entidades_BookCloud.csproj", "{804B6FFD-95D2-4C39-9848-4B986DC08685}"
EndProject
Project("{9A19103F-16F7-4668-BE54-9A1E7A4F7556}") = "UnityTest_BookCloud", "UnityTests_TP3_Mendez\UnityTest_BookCloud.csproj", "{E4BB9BAE-E497-4282-AD62-D7AE7B16BB31}"
EndProject
Project("{9A19103F-16F7-4668-BE54-9A1E7A4F7556}") = "PruebaConsola_BookCloud", "PruebaConsola_BookCloud\PruebaConsola_BookCloud.csproj", "{01CD4E91-43D8-4BED-A08D-929A641E5BB5}"
EndProject
Project("{9A19103F-16F7-4668-BE54-9A1E7A4F7556}") = "BookCloud_Vista", "BookCloud_Vista\BookCloud_Vista.csproj", "{5E929513-5D69-40F6-9A15-70D77C5FF88F}"
EndProject
Project("{9A19103F-16F7-4668-BE54-9A1E7A4F7556}") = "CreadorDeArchivos_NoBorrarBackUp", "CreadorDeArchivosAborrar\CreadorDeArchivos_NoBorrarBackUp.csproj", "{0F597360-937C-4DDD-B74F-80B7CF3E0F59}"
EndProject
Global
	GlobalSection(SolutionConfigurationPlatforms) = preSolution
		Debug|Any CPU = Debug|Any CPU
		Release|Any CPU = Release|Any CPU
	EndGlobalSection
	GlobalSection(ProjectConfigurationPlatforms) = postSolution
		{804B6FFD-95D2-4C39-9848-4B986DC08685}.Debug|Any CPU.ActiveCfg = Debug|Any CPU
		{804B6FFD-95D2-4C39-9848-4B986DC08685}.Debug|Any CPU.Build.0 = Debug|Any CPU
		{804B6FFD-95D2-4C39-9848-4B986DC08685}.Release|Any CPU.ActiveCfg = Release|Any CPU
		{804B6FFD-95D2-4C39-9848-4B986DC08685}.Release|Any CPU.Build.0 = Release|Any CPU
		{E4BB9BAE-E497-4282-AD62-D7AE7B16BB31}.Debug|Any CPU.ActiveCfg = Debug|Any CPU
		{E4BB9BAE-E497-4282-AD62-D7AE7B16BB31}.Debug|Any CPU.Build.0 = Debug|Any CPU
		{E4BB9BAE-E497-4282-AD62-D7AE7B16BB31}.Release|Any CPU.ActiveCfg = Release|Any CPU
		{E4BB9BAE-E497-4282-AD62-D7AE7B16BB31}.Release|Any CPU.Build.0 = Release|Any CPU
		{01CD4E91-43D8-4BED-A08D-929A641E5BB5}.Debug|Any CPU.ActiveCfg = Debug|Any CPU
		{01CD4E91-43D8-4BED-A08D-929A641E5BB5}.Debug|Any CPU.Build.0 = Debug|Any CPU
		{01CD4E91-43D8-4BED-A08D-929A641E5BB5}.Release|Any CPU.ActiveCfg = Release|Any CPU
		{01CD4E91-43D8-4BED-A08D-929A641E5BB5}.Release|Any CPU.Build.0 = Release|Any CPU
		{5E929513-5D69-40F6-9A15-70D77C5FF88F}.Debug|Any CPU.ActiveCfg = Debug|Any CPU
		{5E929513-5D69-40F6-9A15-70D77C5FF88F}.Debug|Any CPU.Build.0 = Debug|Any CPU
		{5E929513-5D69-40F6-9A15-70D77C5FF88F}.Release|Any CPU.ActiveCfg = Release|Any CPU
		{5E929513-5D69-40F6-9A15-70D77C5FF88F}.Release|Any CPU.Build.0 = Release|Any CPU
		{0F597360-937C-4DDD-B74F-80B7CF3E0F59}.Debug|Any CPU.ActiveCfg = Debug|Any CPU
		{0F597360-937C-4DDD-B74F-80B7CF3E0F59}.Debug|Any CPU.Build.0 = Debug|Any CPU
		{0F597360-937C-4DDD-B74F-80B7CF3E0F59}.Release|Any CPU.ActiveCfg = Release|Any CPU
		{0F597360-937C-4DDD-B74F-80B7CF3E0F59}.Release|Any CPU.Build.0 = Release|Any CPU
	EndGlobalSection
	GlobalSection(SolutionProperties) = preSolution
		HideSolutionNode = FALSE
	EndGlobalSection
	GlobalSection(ExtensibilityGlobals) = postSolution
		SolutionGuid = {B479D7C2-225C-4FC1-9427-DB1CD3001EE0}
	EndGlobalSection
EndGlobal
